<?xml version="1.0" encoding="utf-8"?>
<Project ToolsVersion="4.0" xmlns="http://schemas.microsoft.com/developer/msbuild/2003">
  <ItemGroup>
    <Filter Include="src">
      <UniqueIdentifier>{01f25f6b-60e7-4302-8453-2b6a0d032c6f}</UniqueIdentifier>
    </Filter>
    <Filter Include="Renderer">
      <UniqueIdentifier>{c579fec2-0c48-4d91-80fa-c17243d7cb1f}</UniqueIdentifier>
    </Filter>
    <Filter Include="Resources">
      <UniqueIdentifier>{a0c8d410-6d88-4845-8d74-13d69c758b65}</UniqueIdentifier>
    </Filter>
    <Filter Include="Resources\Shaders">
      <UniqueIdentifier>{9cce17f0-3052-4cd9-9736-d5e8fe79a3d8}</UniqueIdentifier>
    </Filter>
    <Filter Include="Planet">
      <UniqueIdentifier>{aceed0f3-ec9b-46ca-98e5-e13854bbc34e}</UniqueIdentifier>
    </Filter>
    <Filter Include="Perlin">
      <UniqueIdentifier>{7566caea-7ff1-47ac-a6bc-8bce3d5b49a9}</UniqueIdentifier>
    </Filter>
    <Filter Include="UI">
      <UniqueIdentifier>{075cea8e-a555-406d-9b8d-a1896202685f}</UniqueIdentifier>
    </Filter>
    <Filter Include="GLUI">
      <UniqueIdentifier>{8e08fea3-c3b4-444c-b5d6-9bb98a21f133}</UniqueIdentifier>
    </Filter>
  </ItemGroup>
  <ItemGroup>
    <ClCompile Include="main.cpp">
      <Filter>src</Filter>
    </ClCompile>
    <ClCompile Include="Renderer\Renderer.cpp">
      <Filter>Renderer</Filter>
    </ClCompile>
    <ClCompile Include="Renderer\Shader.cpp">
      <Filter>Renderer</Filter>
    </ClCompile>
    <ClCompile Include="Planet\Planet.cpp">
      <Filter>Planet</Filter>
    </ClCompile>
    <ClCompile Include="Planet\SurfaceQuadTree.cpp">
      <Filter>Planet</Filter>
    </ClCompile>
    <ClCompile Include="GLUI\algebra3.cpp">
      <Filter>GLUI</Filter>
    </ClCompile>
    <ClCompile Include="GLUI\arcball.cpp">
      <Filter>GLUI</Filter>
    </ClCompile>
    <ClCompile Include="GLUI\glui.cpp">
      <Filter>GLUI</Filter>
    </ClCompile>
    <ClCompile Include="GLUI\glui_add_controls.cpp">
      <Filter>GLUI</Filter>
    </ClCompile>
    <ClCompile Include="GLUI\glui_bitmap_img_data.cpp">
      <Filter>GLUI</Filter>
    </ClCompile>
    <ClCompile Include="GLUI\glui_bitmaps.cpp">
      <Filter>GLUI</Filter>
    </ClCompile>
    <ClCompile Include="GLUI\glui_button.cpp">
      <Filter>GLUI</Filter>
    </ClCompile>
    <ClCompile Include="GLUI\glui_checkbox.cpp">
      <Filter>GLUI</Filter>
    </ClCompile>
    <ClCompile Include="GLUI\glui_column.cpp">
      <Filter>GLUI</Filter>
    </ClCompile>
    <ClCompile Include="GLUI\glui_commandline.cpp">
      <Filter>GLUI</Filter>
    </ClCompile>
    <ClCompile Include="GLUI\glui_control.cpp">
      <Filter>GLUI</Filter>
    </ClCompile>
    <ClCompile Include="GLUI\glui_edittext.cpp">
      <Filter>GLUI</Filter>
    </ClCompile>
    <ClCompile Include="GLUI\glui_img_checkbox_0.c">
      <Filter>GLUI</Filter>
    </ClCompile>
    <ClCompile Include="GLUI\glui_img_checkbox_0_dis.c">
      <Filter>GLUI</Filter>
    </ClCompile>
    <ClCompile Include="GLUI\glui_img_checkbox_1.c">
      <Filter>GLUI</Filter>
    </ClCompile>
    <ClCompile Include="GLUI\glui_img_checkbox_1_dis.c">
      <Filter>GLUI</Filter>
    </ClCompile>
    <ClCompile Include="GLUI\glui_img_downarrow.c">
      <Filter>GLUI</Filter>
    </ClCompile>
    <ClCompile Include="GLUI\glui_img_leftarrow.c">
      <Filter>GLUI</Filter>
    </ClCompile>
    <ClCompile Include="GLUI\glui_img_listbox_down.c">
      <Filter>GLUI</Filter>
    </ClCompile>
    <ClCompile Include="GLUI\glui_img_listbox_up.c">
      <Filter>GLUI</Filter>
    </ClCompile>
    <ClCompile Include="GLUI\glui_img_listbox_up_dis.c">
      <Filter>GLUI</Filter>
    </ClCompile>
    <ClCompile Include="GLUI\glui_img_radiobutton_0.c">
      <Filter>GLUI</Filter>
    </ClCompile>
    <ClCompile Include="GLUI\glui_img_radiobutton_0_dis.c">
      <Filter>GLUI</Filter>
    </ClCompile>
    <ClCompile Include="GLUI\glui_img_radiobutton_1.c">
      <Filter>GLUI</Filter>
    </ClCompile>
    <ClCompile Include="GLUI\glui_img_radiobutton_1_dis.c">
      <Filter>GLUI</Filter>
    </ClCompile>
    <ClCompile Include="GLUI\glui_img_rightarrow.c">
      <Filter>GLUI</Filter>
    </ClCompile>
    <ClCompile Include="GLUI\glui_img_spindown_0.c">
      <Filter>GLUI</Filter>
    </ClCompile>
    <ClCompile Include="GLUI\glui_img_spindown_1.c">
      <Filter>GLUI</Filter>
    </ClCompile>
    <ClCompile Include="GLUI\glui_img_spindown_dis.c">
      <Filter>GLUI</Filter>
    </ClCompile>
    <ClCompile Include="GLUI\glui_img_spinup_0.c">
      <Filter>GLUI</Filter>
    </ClCompile>
    <ClCompile Include="GLUI\glui_img_spinup_1.c">
      <Filter>GLUI</Filter>
    </ClCompile>
    <ClCompile Include="GLUI\glui_img_spinup_dis.c">
      <Filter>GLUI</Filter>
    </ClCompile>
    <ClCompile Include="GLUI\glui_img_uparrow.c">
      <Filter>GLUI</Filter>
    </ClCompile>
    <ClCompile Include="GLUI\glui_list.cpp">
      <Filter>GLUI</Filter>
    </ClCompile>
    <ClCompile Include="GLUI\glui_listbox.cpp">
      <Filter>GLUI</Filter>
    </ClCompile>
    <ClCompile Include="GLUI\glui_mouse_iaction.cpp">
      <Filter>GLUI</Filter>
    </ClCompile>
    <ClCompile Include="GLUI\glui_node.cpp">
      <Filter>GLUI</Filter>
    </ClCompile>
    <ClCompile Include="GLUI\glui_panel.cpp">
      <Filter>GLUI</Filter>
    </ClCompile>
    <ClCompile Include="GLUI\glui_radio.cpp">
      <Filter>GLUI</Filter>
    </ClCompile>
    <ClCompile Include="GLUI\glui_rollout.cpp">
      <Filter>GLUI</Filter>
    </ClCompile>
    <ClCompile Include="GLUI\glui_rotation.cpp">
      <Filter>GLUI</Filter>
    </ClCompile>
    <ClCompile Include="GLUI\glui_scrollbar.cpp">
      <Filter>GLUI</Filter>
    </ClCompile>
    <ClCompile Include="GLUI\glui_separator.cpp">
      <Filter>GLUI</Filter>
    </ClCompile>
    <ClCompile Include="GLUI\glui_spinner.cpp">
      <Filter>GLUI</Filter>
    </ClCompile>
    <ClCompile Include="GLUI\glui_statictext.cpp">
      <Filter>GLUI</Filter>
    </ClCompile>
    <ClCompile Include="GLUI\glui_string.cpp">
      <Filter>GLUI</Filter>
    </ClCompile>
    <ClCompile Include="GLUI\glui_textbox.cpp">
      <Filter>GLUI</Filter>
    </ClCompile>
    <ClCompile Include="GLUI\glui_translation.cpp">
      <Filter>GLUI</Filter>
    </ClCompile>
    <ClCompile Include="GLUI\glui_tree.cpp">
      <Filter>GLUI</Filter>
    </ClCompile>
    <ClCompile Include="GLUI\glui_treepanel.cpp">
      <Filter>GLUI</Filter>
    </ClCompile>
    <ClCompile Include="GLUI\glui_window.cpp">
      <Filter>GLUI</Filter>
    </ClCompile>
    <ClCompile Include="GLUI\quaternion.cpp">
      <Filter>GLUI</Filter>
    </ClCompile>
    <ClCompile Include="GLUI\viewmodel.cpp">
      <Filter>GLUI</Filter>
    </ClCompile>
    <ClCompile Include="UI\UI.cpp">
      <Filter>UI</Filter>
    </ClCompile>
  </ItemGroup>
  <ItemGroup>
    <ClInclude Include="Renderer\Renderer.h">
      <Filter>Renderer</Filter>
    </ClInclude>
    <ClInclude Include="Renderer\Shader.h">
      <Filter>Renderer</Filter>
    </ClInclude>
    <ClInclude Include="Renderer\RandableObj.h">
      <Filter>Renderer</Filter>
    </ClInclude>
    <ClInclude Include="Renderer\Camera.h">
      <Filter>Renderer</Filter>
    </ClInclude>
    <ClInclude Include="Scene.h">
      <Filter>src</Filter>
    </ClInclude>
    <ClInclude Include="Perlin\Perlin.h">
      <Filter>Perlin</Filter>
    </ClInclude>
    <ClInclude Include="Planet\Planet.h">
      <Filter>Planet</Filter>
    </ClInclude>
    <ClInclude Include="Planet\PlanetProperties.h">
      <Filter>Planet</Filter>
    </ClInclude>
    <ClInclude Include="Planet\SurfaceQuadTree.h">
      <Filter>Planet</Filter>
    </ClInclude>
    <ClInclude Include="GLUI\algebra3.h">
      <Filter>GLUI</Filter>
    </ClInclude>
    <ClInclude Include="GLUI\arcball.h">
      <Filter>GLUI</Filter>
    </ClInclude>
    <ClInclude Include="GLUI\glui_internal.h">
      <Filter>GLUI</Filter>
    </ClInclude>
    <ClInclude Include="GLUI\glui_internal_control.h">
      <Filter>GLUI</Filter>
    </ClInclude>
    <ClInclude Include="GLUI\quaternion.h">
      <Filter>GLUI</Filter>
    </ClInclude>
    <ClInclude Include="GLUI\viewmodel.h">
      <Filter>GLUI</Filter>
    </ClInclude>
    <ClInclude Include="UI\UI.h">
      <Filter>UI</Filter>
    </ClInclude>
    <ClInclude Include="Renderer\TestObj.h">
      <Filter>Renderer</Filter>
    </ClInclude>
  </ItemGroup>
  <ItemGroup>
    <None Include="Resources\Shaders\default_fragment.frag">
      <Filter>Resources\Shaders</Filter>
    </None>
    <None Include="Resources\Shaders\default_vertex.vs">
      <Filter>Resources\Shaders</Filter>
    </None>
    <None Include="Resources\Shaders\planet.frag">
      <Filter>Resources\Shaders</Filter>
    </None>
    <None Include="Resources\Shaders\planet.vs">
      <Filter>Resources\Shaders</Filter>
    </None>
    <None Include="Resources\Shaders\planet.tcs">
      <Filter>Resources\Shaders</Filter>
    </None>
    <None Include="Resources\Shaders\planet.tes">
      <Filter>Resources\Shaders</Filter>
    </None>
    <None Include="GLUI\glui_img_listbox_down.ppm">
      <Filter>GLUI</Filter>
    </None>
    <None Include="GLUI\glui_img_listbox_up.ppm">
      <Filter>GLUI</Filter>
    </None>
    <None Include="GLUI\glui_img_listbox_up_dis.ppm">
      <Filter>GLUI</Filter>
    </None>
  </ItemGroup>
</Project>