<?xml version="1.0" encoding="utf-8"?>
<Project ToolsVersion="4.0" xmlns="http://schemas.microsoft.com/developer/msbuild/2003">
  <ItemGroup>
    <Filter Include="src">
      <UniqueIdentifier>{01f25f6b-60e7-4302-8453-2b6a0d032c6f}</UniqueIdentifier>
    </Filter>
    <Filter Include="Renderer">
      <UniqueIdentifier>{c579fec2-0c48-4d91-80fa-c17243d7cb1f}</UniqueIdentifier>
    </Filter>
    <Filter Include="Planet">
      <UniqueIdentifier>{e15ff10b-73fd-4948-b535-a47763df5c13}</UniqueIdentifier>
    </Filter>
  </ItemGroup>
  <ItemGroup>
    <None Include="Surface\surface.frag">
      <Filter>Planet</Filter>
    </None>
    <None Include="Surface\surface.vert">
      <Filter>Planet</Filter>
    </None>
    <None Include="Renderer\default_fragment.frag">
      <Filter>Renderer</Filter>
    </None>
    <None Include="Renderer\default_vertex.vert">
      <Filter>Renderer</Filter>
    </None>
  </ItemGroup>
  <ItemGroup>
    <ClCompile Include="main.cpp">
      <Filter>src</Filter>
    </ClCompile>
    <ClCompile Include="Surface\Planet.cpp">
      <Filter>Planet</Filter>
    </ClCompile>
    <ClCompile Include="Surface\SurfaceQuadTree.cpp">
      <Filter>Planet</Filter>
    </ClCompile>
    <ClCompile Include="Surface\SurfaceQuadNodeXZ.cpp">
      <Filter>Planet</Filter>
    </ClCompile>
    <ClCompile Include="Surface\SurfaceQuadNodeXY.cpp">
      <Filter>Planet</Filter>
    </ClCompile>
    <ClCompile Include="Surface\SurfaceQuadNodeZY.cpp">
      <Filter>Planet</Filter>
    </ClCompile>
    <ClCompile Include="Renderer\Renderer.cpp">
      <Filter>Renderer</Filter>
    </ClCompile>
    <ClCompile Include="Renderer\Shader.cpp">
      <Filter>Renderer</Filter>
    </ClCompile>
  </ItemGroup>
  <ItemGroup>
    <ClInclude Include="Surface\Planet.h">
      <Filter>Planet</Filter>
    </ClInclude>
    <ClInclude Include="Surface\SurfaceQuadTree.h">
      <Filter>Planet</Filter>
    </ClInclude>
    <ClInclude Include="Surface\SurfaceQuadNodeXY.h">
      <Filter>Planet</Filter>
    </ClInclude>
    <ClInclude Include="Surface\SurfaceQuadNodeXZ.h">
      <Filter>Planet</Filter>
    </ClInclude>
    <ClInclude Include="Surface\SurfaceQuadNodeZY.h">
      <Filter>Planet</Filter>
    </ClInclude>
    <ClInclude Include="Renderer\Renderer.h">
      <Filter>Renderer</Filter>
    </ClInclude>
    <ClInclude Include="Renderer\Shader.h">
      <Filter>Renderer</Filter>
    </ClInclude>
    <ClInclude Include="Renderer\IRandable.h">
      <Filter>Renderer</Filter>
    </ClInclude>
    <ClInclude Include="Renderer\Camera.h">
      <Filter>Renderer</Filter>
    </ClInclude>
    <ClInclude Include="Scene.h">
      <Filter>src</Filter>
    </ClInclude>
    <ClInclude Include="Surface\PlanetProperties.h">
      <Filter>Planet</Filter>
    </ClInclude>
  </ItemGroup>
</Project>